
Microsoft Visual Studio Solution File, Format Version 12.00
# Visual Studio Version 17
VisualStudioVersion = 17.9.34723.18
MinimumVisualStudioVersion = 10.0.40219.1
Project("{FAE04EC0-301F-11D3-BF4B-00C04F79EFBC}") = "WindowsFormsApp1", "WindowsFormsApp1.csproj", "{63BB4CC1-B396-468E-B1BC-13BCD08F77DD}"
EndProject
Global
	GlobalSection(SolutionConfigurationPlatforms) = preSolution
		Debug|Any CPU = Debug|Any CPU
		Release|Any CPU = Release|Any CPU
	EndGlobalSection
	GlobalSection(ProjectConfigurationPlatforms) = postSolution
		{63BB4CC1-B396-468E-B1BC-13BCD08F77DD}.Debug|Any CPU.ActiveCfg = Debug|Any CPU
		{63BB4CC1-B396-468E-B1BC-13BCD08F77DD}.Debug|Any CPU.Build.0 = Debug|Any CPU
		{63BB4CC1-B396-468E-B1BC-13BCD08F77DD}.Release|Any CPU.ActiveCfg = Release|Any CPU
		{63BB4CC1-B396-468E-B1BC-13BCD08F77DD}.Release|Any CPU.Build.0 = Release|Any CPU
	EndGlobalSection
	GlobalSection(SolutionProperties) = preSolution
		HideSolutionNode = FALSE
	EndGlobalSection
	GlobalSection(ExtensibilityGlobals) = postSolution
		SolutionGuid = {9760BB67-015D-40D3-9953-86E60DC9B987}
	EndGlobalSection
EndGlobal
